
Microsoft Visual Studio Solution File, Format Version 12.00
# Visual Studio Version 17
VisualStudioVersion = 17.6.33801.468
MinimumVisualStudioVersion = 10.0.40219.1
Project("{FAE04EC0-301F-11D3-BF4B-00C04F79EFBC}") = "TodoAppApi", "TodoAppApi\TodoAppApi.csproj", "{8997A71A-7FA9-4456-A564-E83811B426D2}"
EndProject
Global
	GlobalSection(SolutionConfigurationPlatforms) = preSolution
		Debug|Any CPU = Debug|Any CPU
		Release|Any CPU = Release|Any CPU
	EndGlobalSection
	GlobalSection(ProjectConfigurationPlatforms) = postSolution
		{8997A71A-7FA9-4456-A564-E83811B426D2}.Debug|Any CPU.ActiveCfg = Debug|Any CPU
		{8997A71A-7FA9-4456-A564-E83811B426D2}.Debug|Any CPU.Build.0 = Debug|Any CPU
		{8997A71A-7FA9-4456-A564-E83811B426D2}.Release|Any CPU.ActiveCfg = Release|Any CPU
		{8997A71A-7FA9-4456-A564-E83811B426D2}.Release|Any CPU.Build.0 = Release|Any CPU
	EndGlobalSection
	GlobalSection(SolutionProperties) = preSolution
		HideSolutionNode = FALSE
	EndGlobalSection
	GlobalSection(ExtensibilityGlobals) = postSolution
		SolutionGuid = {34817232-BB0A-4047-8A53-1F9243A1F2C1}
	EndGlobalSection
EndGlobal
